<?xml version="1.0" encoding="utf-8"?>
<Project ToolsVersion="4.0" xmlns="http://schemas.microsoft.com/developer/msbuild/2003">
  <ItemGroup>
    <Filter Include="Source Files">
      <UniqueIdentifier>{4FC737F1-C7A5-4376-A066-2A32D752A2FF}</UniqueIdentifier>
      <Extensions>cpp;c;cc;cxx;def;odl;idl;hpj;bat;asm;asmx</Extensions>
    </Filter>
    <Filter Include="Header Files">
      <UniqueIdentifier>{93995380-89BD-4b04-88EB-625FBE52EBFB}</UniqueIdentifier>
      <Extensions>h;hh;hpp;hxx;hm;inl;inc;ipp;xsd</Extensions>
    </Filter>
    <Filter Include="Resource Files">
      <UniqueIdentifier>{67DA6AB6-F800-4c08-8B7A-83BB121AAD01}</UniqueIdentifier>
      <Extensions>rc;ico;cur;bmp;dlg;rc2;rct;bin;rgs;gif;jpg;jpeg;jpe;resx;tiff;tif;png;wav;mfcribbon-ms</Extensions>
    </Filter>
    <Filter Include="Source Files\common">
      <UniqueIdentifier>{29afa8d2-205d-4bc3-b112-3309c5621354}</UniqueIdentifier>
    </Filter>
    <Filter Include="Source Files\common\stream">
      <UniqueIdentifier>{6672368e-cc78-4293-9fe5-acd0531e6aa3}</UniqueIdentifier>
    </Filter>
  </ItemGroup>
  <ItemGroup>
    <ClCompile Include="..\..\http.cc">
      <Filter>Source Files\common</Filter>
    </ClCompile>
    <ClCompile Include="..\..\json.cc">
      <Filter>Source Files\common</Filter>
    </ClCompile>
    <ClCompile Include="..\..\json_create.cc">
      <Filter>Source Files\common</Filter>
    </ClCompile>
    <ClCompile Include="..\..\json_send.cc">
      <Filter>Source Files\common</Filter>
    </ClCompile>
    <ClCompile Include="..\..\hexdata.cc">
      <Filter>Source Files\common</Filter>
    </ClCompile>
    <ClCompile Include="..\..\stream\stream.cc">
      <Filter>Source Files\common\stream</Filter>
    </ClCompile>
    <ClCompile Include="..\..\stream\text_stream.cc">
      <Filter>Source Files\common</Filter>
    </ClCompile>
    <ClCompile Include="test_http.cc">
      <Filter>Source Files</Filter>
    </ClCompile>
    <ClCompile Include="..\..\string.c">
      <Filter>Source Files\common</Filter>
    </ClCompile>
  </ItemGroup>
  <ItemGroup>
    <ClInclude Include="..\..\http.h">
      <Filter>Header Files</Filter>
    </ClInclude>
    <ClInclude Include="..\..\json.h">
      <Filter>Header Files</Filter>
    </ClInclude>
  </ItemGroup>
</Project>